// !$*UTF8*$!
{
	archiveVersion = 1;
	classes = {
	};
	objectVersion = 77;
	objects = {

/* Begin PBXContainerItemProxy section */
		49335CD12E00D21A0057A197 /* PBXContainerItemProxy */ = {
			isa = PBXContainerItemProxy;
			containerPortal = 49335CB82E00D2190057A197 /* Project object */;
			proxyType = 1;
			remoteGlobalIDString = 49335CBF2E00D2190057A197;
			remoteInfo = poplar;
		};
		49335CDB2E00D21A0057A197 /* PBXContainerItemProxy */ = {
			isa = PBXContainerItemProxy;
			containerPortal = 49335CB82E00D2190057A197 /* Project object */;
			proxyType = 1;
			remoteGlobalIDString = 49335CBF2E00D2190057A197;
			remoteInfo = poplar;
		};
/* End PBXContainerItemProxy section */

/* Begin PBXFileReference section */
		49335CC02E00D2190057A197 /* poplar.app */ = {isa = PBXFileReference; explicitFileType = wrapper.application; includeInIndex = 0; path = poplar.app; sourceTree = BUILT_PRODUCTS_DIR; };
		49335CD02E00D21A0057A197 /* poplarTests.xctest */ = {isa = PBXFileReference; explicitFileType = wrapper.cfbundle; includeInIndex = 0; path = poplarTests.xctest; sourceTree = BUILT_PRODUCTS_DIR; };
		49335CDA2E00D21A0057A197 /* poplarUITests.xctest */ = {isa = PBXFileReference; explicitFileType = wrapper.cfbundle; includeInIndex = 0; path = poplarUITests.xctest; sourceTree = BUILT_PRODUCTS_DIR; };
/* End PBXFileReference section */

/* Begin PBXFileSystemSynchronizedRootGroup section */
		49335CC22E00D2190057A197 /* poplar */ = {
			isa = PBXFileSystemSynchronizedRootGroup;
			path = poplar;
			sourceTree = "<group>";
		};
		49335CD32E00D21A0057A197 /* poplarTests */ = {
			isa = PBXFileSystemSynchronizedRootGroup;
			path = poplarTests;
			sourceTree = "<group>";
		};
		49335CDD2E00D21A0057A197 /* poplarUITests */ = {
			isa = PBXFileSystemSynchronizedRootGroup;
			path = poplarUITests;
			sourceTree = "<group>";
		};
/* End PBXFileSystemSynchronizedRootGroup section */

/* Begin PBXFrameworksBuildPhase section */
		49335CBD2E00D2190057A197 /* Frameworks */ = {
			isa = PBXFrameworksBuildPhase;
			buildActionMask = 2147483647;
			files = (
			);
			runOnlyForDeploymentPostprocessing = 0;
		};
		49335CCD2E00D21A0057A197 /* Frameworks */ = {
			isa = PBXFrameworksBuildPhase;
			buildActionMask = 2147483647;
			files = (
			);
			runOnlyForDeploymentPostprocessing = 0;
		};
		49335CD72E00D21A0057A197 /* Frameworks */ = {
			isa = PBXFrameworksBuildPhase;
			buildActionMask = 2147483647;
			files = (
			);
			runOnlyForDeploymentPostprocessing = 0;
		};
/* End PBXFrameworksBuildPhase section */

/* Begin PBXGroup section */
		49335CB72E00D2190057A197 = {
			isa = PBXGroup;
			children = (
				49335CC22E00D2190057A197 /* poplar */,
				49335CD32E00D21A0057A197 /* poplarTests */,
				49335CDD2E00D21A0057A197 /* poplarUITests */,
				49335CC12E00D2190057A197 /* Products */,
			);
			sourceTree = "<group>";
		};
		49335CC12E00D2190057A197 /* Products */ = {
			isa = PBXGroup;
			children = (
				49335CC02E00D2190057A197 /* poplar.app */,
				49335CD02E00D21A0057A197 /* poplarTests.xctest */,
				49335CDA2E00D21A0057A197 /* poplarUITests.xctest */,
			);
			name = Products;
			sourceTree = "<group>";
		};
/* End PBXGroup section */

/* Begin PBXNativeTarget section */
		49335CBF2E00D2190057A197 /* poplar */ = {
			isa = PBXNativeTarget;
			buildConfigurationList = 49335CE42E00D21A0057A197 /* Build configuration list for PBXNativeTarget "poplar" */;
			buildPhases = (
				49335CBC2E00D2190057A197 /* Sources */,
				49335CBD2E00D2190057A197 /* Frameworks */,
				49335CBE2E00D2190057A197 /* Resources */,
			);
			buildRules = (
			);
			dependencies = (
			);
			fileSystemSynchronizedGroups = (
				49335CC22E00D2190057A197 /* poplar */,
			);
			name = poplar;
			packageProductDependencies = (
			);
			productName = poplar;
			productReference = 49335CC02E00D2190057A197 /* poplar.app */;
			productType = "com.apple.product-type.application";
		};
		49335CCF2E00D21A0057A197 /* poplarTests */ = {
			isa = PBXNativeTarget;
			buildConfigurationList = 49335CE72E00D21A0057A197 /* Build configuration list for PBXNativeTarget "poplarTests" */;
			buildPhases = (
				49335CCC2E00D21A0057A197 /* Sources */,
				49335CCD2E00D21A0057A197 /* Frameworks */,
				49335CCE2E00D21A0057A197 /* Resources */,
			);
			buildRules = (
			);
			dependencies = (
				49335CD22E00D21A0057A197 /* PBXTargetDependency */,
			);
			fileSystemSynchronizedGroups = (
				49335CD32E00D21A0057A197 /* poplarTests */,
			);
			name = poplarTests;
			packageProductDependencies = (
			);
			productName = poplarTests;
			productReference = 49335CD02E00D21A0057A197 /* poplarTests.xctest */;
			productType = "com.apple.product-type.bundle.unit-test";
		};
		49335CD92E00D21A0057A197 /* poplarUITests */ = {
			isa = PBXNativeTarget;
			buildConfigurationList = 49335CEA2E00D21A0057A197 /* Build configuration list for PBXNativeTarget "poplarUITests" */;
			buildPhases = (
				49335CD62E00D21A0057A197 /* Sources */,
				49335CD72E00D21A0057A197 /* Frameworks */,
				49335CD82E00D21A0057A197 /* Resources */,
			);
			buildRules = (
			);
			dependencies = (
				49335CDC2E00D21A0057A197 /* PBXTargetDependency */,
			);
			fileSystemSynchronizedGroups = (
				49335CDD2E00D21A0057A197 /* poplarUITests */,
			);
			name = poplarUITests;
			packageProductDependencies = (
			);
			productName = poplarUITests;
			productReference = 49335CDA2E00D21A0057A197 /* poplarUITests.xctest */;
			productType = "com.apple.product-type.bundle.ui-testing";
		};
/* End PBXNativeTarget section */

/* Begin PBXProject section */
		49335CB82E00D2190057A197 /* Project object */ = {
			isa = PBXProject;
			attributes = {
				BuildIndependentTargetsInParallel = 1;
				LastSwiftUpdateCheck = 1640;
				LastUpgradeCheck = 1640;
				TargetAttributes = {
					49335CBF2E00D2190057A197 = {
						CreatedOnToolsVersion = 16.4;
					};
					49335CCF2E00D21A0057A197 = {
						CreatedOnToolsVersion = 16.4;
						TestTargetID = 49335CBF2E00D2190057A197;
					};
					49335CD92E00D21A0057A197 = {
						CreatedOnToolsVersion = 16.4;
						TestTargetID = 49335CBF2E00D2190057A197;
					};
				};
			};
			buildConfigurationList = 49335CBB2E00D2190057A197 /* Build configuration list for PBXProject "poplar" */;
			developmentRegion = en;
			hasScannedForEncodings = 0;
			knownRegions = (
				en,
				Base,
			);
			mainGroup = 49335CB72E00D2190057A197;
			minimizedProjectReferenceProxies = 1;
			preferredProjectObjectVersion = 77;
			productRefGroup = 49335CC12E00D2190057A197 /* Products */;
			projectDirPath = "";
			projectRoot = "";
			targets = (
				49335CBF2E00D2190057A197 /* poplar */,
				49335CCF2E00D21A0057A197 /* poplarTests */,
				49335CD92E00D21A0057A197 /* poplarUITests */,
			);
		};
/* End PBXProject section */

/* Begin PBXResourcesBuildPhase section */
		49335CBE2E00D2190057A197 /* Resources */ = {
			isa = PBXResourcesBuildPhase;
			buildActionMask = 2147483647;
			files = (
			);
			runOnlyForDeploymentPostprocessing = 0;
		};
		49335CCE2E00D21A0057A197 /* Resources */ = {
			isa = PBXResourcesBuildPhase;
			buildActionMask = 2147483647;
			files = (
			);
			runOnlyForDeploymentPostprocessing = 0;
		};
		49335CD82E00D21A0057A197 /* Resources */ = {
			isa = PBXResourcesBuildPhase;
			buildActionMask = 2147483647;
			files = (
			);
			runOnlyForDeploymentPostprocessing = 0;
		};
/* End PBXResourcesBuildPhase section */

/* Begin PBXSourcesBuildPhase section */
		49335CBC2E00D2190057A197 /* Sources */ = {
			isa = PBXSourcesBuildPhase;
			buildActionMask = 2147483647;
			files = (
			);
			runOnlyForDeploymentPostprocessing = 0;
		};
		49335CCC2E00D21A0057A197 /* Sources */ = {
			isa = PBXSourcesBuildPhase;
			buildActionMask = 2147483647;
			files = (
			);
			runOnlyForDeploymentPostprocessing = 0;
		};
		49335CD62E00D21A0057A197 /* Sources */ = {
			isa = PBXSourcesBuildPhase;
			buildActionMask = 2147483647;
			files = (
			);
			runOnlyForDeploymentPostprocessing = 0;
		};
/* End PBXSourcesBuildPhase section */

/* Begin PBXTargetDependency section */
		49335CD22E00D21A0057A197 /* PBXTargetDependency */ = {
			isa = PBXTargetDependency;
			target = 49335CBF2E00D2190057A197 /* poplar */;
			targetProxy = 49335CD12E00D21A0057A197 /* PBXContainerItemProxy */;
		};
		49335CDC2E00D21A0057A197 /* PBXTargetDependency */ = {
			isa = PBXTargetDependency;
			target = 49335CBF2E00D2190057A197 /* poplar */;
			targetProxy = 49335CDB2E00D21A0057A197 /* PBXContainerItemProxy */;
		};
/* End PBXTargetDependency section */

/* Begin XCBuildConfiguration section */
		49335CE22E00D21A0057A197 /* Debug */ = {
			isa = XCBuildConfiguration;
			buildSettings = {
				ALWAYS_SEARCH_USER_PATHS = NO;
				ASSETCATALOG_COMPILER_GENERATE_SWIFT_ASSET_SYMBOL_EXTENSIONS = YES;
				CLANG_ANALYZER_NONNULL = YES;
				CLANG_ANALYZER_NUMBER_OBJECT_CONVERSION = YES_AGGRESSIVE;
				CLANG_CXX_LANGUAGE_STANDARD = "gnu++20";
				CLANG_ENABLE_MODULES = YES;
				CLANG_ENABLE_OBJC_ARC = YES;
				CLANG_ENABLE_OBJC_WEAK = YES;
				CLANG_WARN_BLOCK_CAPTURE_AUTORELEASING = YES;
				CLANG_WARN_BOOL_CONVERSION = YES;
				CLANG_WARN_COMMA = YES;
				CLANG_WARN_CONSTANT_CONVERSION = YES;
				CLANG_WARN_DEPRECATED_OBJC_IMPLEMENTATIONS = YES;
				CLANG_WARN_DIRECT_OBJC_ISA_USAGE = YES_ERROR;
				CLANG_WARN_DOCUMENTATION_COMMENTS = YES;
				CLANG_WARN_EMPTY_BODY = YES;
				CLANG_WARN_ENUM_CONVERSION = YES;
				CLANG_WARN_INFINITE_RECURSION = YES;
				CLANG_WARN_INT_CONVERSION = YES;
				CLANG_WARN_NON_LITERAL_NULL_CONVERSION = YES;
				CLANG_WARN_OBJC_IMPLICIT_RETAIN_SELF = YES;
				CLANG_WARN_OBJC_LITERAL_CONVERSION = YES;
				CLANG_WARN_OBJC_ROOT_CLASS = YES_ERROR;
				CLANG_WARN_QUOTED_INCLUDE_IN_FRAMEWORK_HEADER = YES;
				CLANG_WARN_RANGE_LOOP_ANALYSIS = YES;
				CLANG_WARN_STRICT_PROTOTYPES = YES;
				CLANG_WARN_SUSPICIOUS_MOVE = YES;
				CLANG_WARN_UNGUARDED_AVAILABILITY = YES_AGGRESSIVE;
				CLANG_WARN_UNREACHABLE_CODE = YES;
				CLANG_WARN__DUPLICATE_METHOD_MATCH = YES;
				COPY_PHASE_STRIP = NO;
				DEBUG_INFORMATION_FORMAT = dwarf;
				ENABLE_STRICT_OBJC_MSGSEND = YES;
				ENABLE_TESTABILITY = YES;
				ENABLE_USER_SCRIPT_SANDBOXING = YES;
				GCC_C_LANGUAGE_STANDARD = gnu17;
				GCC_DYNAMIC_NO_PIC = NO;
				GCC_NO_COMMON_BLOCKS = YES;
				GCC_OPTIMIZATION_LEVEL = 0;
				GCC_PREPROCESSOR_DEFINITIONS = (
					"DEBUG=1",
					"$(inherited)",
				);
				GCC_WARN_64_TO_32_BIT_CONVERSION = YES;
				GCC_WARN_ABOUT_RETURN_TYPE = YES_ERROR;
				GCC_WARN_UNDECLARED_SELECTOR = YES;
				GCC_WARN_UNINITIALIZED_AUTOS = YES_AGGRESSIVE;
				GCC_WARN_UNUSED_FUNCTION = YES;
				GCC_WARN_UNUSED_VARIABLE = YES;
				LOCALIZATION_PREFERS_STRING_CATALOGS = YES;
				MACOSX_DEPLOYMENT_TARGET = 15.5;
				MTL_ENABLE_DEBUG_INFO = INCLUDE_SOURCE;
				MTL_FAST_MATH = YES;
				ONLY_ACTIVE_ARCH = YES;
				SDKROOT = macosx;
				SWIFT_ACTIVE_COMPILATION_CONDITIONS = "DEBUG $(inherited)";
				SWIFT_OPTIMIZATION_LEVEL = "-Onone";
			};
			name = Debug;
		};
		49335CE32E00D21A0057A197 /* Release */ = {
			isa = XCBuildConfiguration;
			buildSettings = {
				ALWAYS_SEARCH_USER_PATHS = NO;
				ASSETCATALOG_COMPILER_GENERATE_SWIFT_ASSET_SYMBOL_EXTENSIONS = YES;
				CLANG_ANALYZER_NONNULL = YES;
				CLANG_ANALYZER_NUMBER_OBJECT_CONVERSION = YES_AGGRESSIVE;
				CLANG_CXX_LANGUAGE_STANDARD = "gnu++20";
				CLANG_ENABLE_MODULES = YES;
				CLANG_ENABLE_OBJC_ARC = YES;
				CLANG_ENABLE_OBJC_WEAK = YES;
				CLANG_WARN_BLOCK_CAPTURE_AUTORELEASING = YES;
				CLANG_WARN_BOOL_CONVERSION = YES;
				CLANG_WARN_COMMA = YES;
				CLANG_WARN_CONSTANT_CONVERSION = YES;
				CLANG_WARN_DEPRECATED_OBJC_IMPLEMENTATIONS = YES;
				CLANG_WARN_DIRECT_OBJC_ISA_USAGE = YES_ERROR;
				CLANG_WARN_DOCUMENTATION_COMMENTS = YES;
				CLANG_WARN_EMPTY_BODY = YES;
				CLANG_WARN_ENUM_CONVERSION = YES;
				CLANG_WARN_INFINITE_RECURSION = YES;
				CLANG_WARN_INT_CONVERSION = YES;
				CLANG_WARN_NON_LITERAL_NULL_CONVERSION = YES;
				CLANG_WARN_OBJC_IMPLICIT_RETAIN_SELF = YES;
				CLANG_WARN_OBJC_LITERAL_CONVERSION = YES;
				CLANG_WARN_OBJC_ROOT_CLASS = YES_ERROR;
				CLANG_WARN_QUOTED_INCLUDE_IN_FRAMEWORK_HEADER = YES;
				CLANG_WARN_RANGE_LOOP_ANALYSIS = YES;
				CLANG_WARN_STRICT_PROTOTYPES = YES;
				CLANG_WARN_SUSPICIOUS_MOVE = YES;
				CLANG_WARN_UNGUARDED_AVAILABILITY = YES_AGGRESSIVE;
				CLANG_WARN_UNREACHABLE_CODE = YES;
				CLANG_WARN__DUPLICATE_METHOD_MATCH = YES;
				COPY_PHASE_STRIP = NO;
				DEBUG_INFORMATION_FORMAT = "dwarf-with-dsym";
				ENABLE_NS_ASSERTIONS = NO;
				ENABLE_STRICT_OBJC_MSGSEND = YES;
				ENABLE_USER_SCRIPT_SANDBOXING = YES;
				GCC_C_LANGUAGE_STANDARD = gnu17;
				GCC_NO_COMMON_BLOCKS = YES;
				GCC_WARN_64_TO_32_BIT_CONVERSION = YES;
				GCC_WARN_ABOUT_RETURN_TYPE = YES_ERROR;
				GCC_WARN_UNDECLARED_SELECTOR = YES;
				GCC_WARN_UNINITIALIZED_AUTOS = YES_AGGRESSIVE;
				GCC_WARN_UNUSED_FUNCTION = YES;
				GCC_WARN_UNUSED_VARIABLE = YES;
				LOCALIZATION_PREFERS_STRING_CATALOGS = YES;
				MACOSX_DEPLOYMENT_TARGET = 15.5;
				MTL_ENABLE_DEBUG_INFO = NO;
				MTL_FAST_MATH = YES;
				SDKROOT = macosx;
				SWIFT_COMPILATION_MODE = wholemodule;
			};
			name = Release;
		};
		49335CE52E00D21A0057A197 /* Debug */ = {
			isa = XCBuildConfiguration;
			buildSettings = {
				ASSETCATALOG_COMPILER_APPICON_NAME = AppIcon;
				ASSETCATALOG_COMPILER_GLOBAL_ACCENT_COLOR_NAME = AccentColor;
				CODE_SIGN_ENTITLEMENTS = poplar/poplar.entitlements;
				CODE_SIGN_STYLE = Automatic;
				COMBINE_HIDPI_IMAGES = YES;
				CURRENT_PROJECT_VERSION = 1;
				ENABLE_PREVIEWS = YES;
				GENERATE_INFOPLIST_FILE = YES;
				INFOPLIST_KEY_NSHumanReadableCopyright = "";
				LD_RUNPATH_SEARCH_PATHS = (
					"$(inherited)",
					"@executable_path/../Frameworks",
				);
				MACOSX_DEPLOYMENT_TARGET = 14.0;
				MARKETING_VERSION = 1.0;
				PRODUCT_BUNDLE_IDENTIFIER = org.capek.poplar;
				PRODUCT_NAME = "$(TARGET_NAME)";
				REGISTER_APP_GROUPS = YES;
				SWIFT_EMIT_LOC_STRINGS = YES;
				SWIFT_VERSION = 5.0;
			};
			name = Debug;
		};
		49335CE62E00D21A0057A197 /* Release */ = {
			isa = XCBuildConfiguration;
			buildSettings = {
				ASSETCATALOG_COMPILER_APPICON_NAME = AppIcon;
				ASSETCATALOG_COMPILER_GLOBAL_ACCENT_COLOR_NAME = AccentColor;
				CODE_SIGN_ENTITLEMENTS = poplar/poplar.entitlements;
				CODE_SIGN_STYLE = Automatic;
				COMBINE_HIDPI_IMAGES = YES;
				CURRENT_PROJECT_VERSION = 1;
				ENABLE_PREVIEWS = YES;
				GENERATE_INFOPLIST_FILE = YES;
				INFOPLIST_KEY_NSHumanReadableCopyright = "";
				LD_RUNPATH_SEARCH_PATHS = (
					"$(inherited)",
					"@executable_path/../Frameworks",
				);
				MACOSX_DEPLOYMENT_TARGET = 14.0;
				MARKETING_VERSION = 1.0;
				PRODUCT_BUNDLE_IDENTIFIER = org.capek.poplar;
				PRODUCT_NAME = "$(TARGET_NAME)";
				REGISTER_APP_GROUPS = YES;
				SWIFT_EMIT_LOC_STRINGS = YES;
				SWIFT_VERSION = 5.0;
			};
			name = Release;
		};
		49335CE82E00D21A0057A197 /* Debug */ = {
			isa = XCBuildConfiguration;
			buildSettings = {
				BUNDLE_LOADER = "$(TEST_HOST)";
				CODE_SIGN_STYLE = Automatic;
				CURRENT_PROJECT_VERSION = 1;
				GENERATE_INFOPLIST_FILE = YES;
				MACOSX_DEPLOYMENT_TARGET = 14.0;
				MARKETING_VERSION = 1.0;
				PRODUCT_BUNDLE_IDENTIFIER = org.capek.poplarTests;
				PRODUCT_NAME = "$(TARGET_NAME)";
				SWIFT_EMIT_LOC_STRINGS = NO;
				SWIFT_VERSION = 5.0;
				TEST_HOST = "$(BUILT_PRODUCTS_DIR)/poplar.app/$(BUNDLE_EXECUTABLE_FOLDER_PATH)/poplar";
			};
			name = Debug;
		};
		49335CE92E00D21A0057A197 /* Release */ = {
			isa = XCBuildConfiguration;
			buildSettings = {
				BUNDLE_LOADER = "$(TEST_HOST)";
				CODE_SIGN_STYLE = Automatic;
				CURRENT_PROJECT_VERSION = 1;
				GENERATE_INFOPLIST_FILE = YES;
				MACOSX_DEPLOYMENT_TARGET = 14.0;
				MARKETING_VERSION = 1.0;
				PRODUCT_BUNDLE_IDENTIFIER = org.capek.poplarTests;
				PRODUCT_NAME = "$(TARGET_NAME)";
				SWIFT_EMIT_LOC_STRINGS = NO;
				SWIFT_VERSION = 5.0;
				TEST_HOST = "$(BUILT_PRODUCTS_DIR)/poplar.app/$(BUNDLE_EXECUTABLE_FOLDER_PATH)/poplar";
			};
			name = Release;
		};
		49335CEB2E00D21A0057A197 /* Debug */ = {
			isa = XCBuildConfiguration;
			buildSettings = {
				CODE_SIGN_STYLE = Automatic;
				CURRENT_PROJECT_VERSION = 1;
				GENERATE_INFOPLIST_FILE = YES;
				MARKETING_VERSION = 1.0;
				PRODUCT_BUNDLE_IDENTIFIER = org.capek.poplarUITests;
				PRODUCT_NAME = "$(TARGET_NAME)";
				SWIFT_EMIT_LOC_STRINGS = NO;
				SWIFT_VERSION = 5.0;
				TEST_TARGET_NAME = poplar;
			};
			name = Debug;
		};
		49335CEC2E00D21A0057A197 /* Release */ = {
			isa = XCBuildConfiguration;
			buildSettings = {
				CODE_SIGN_STYLE = Automatic;
				CURRENT_PROJECT_VERSION = 1;
				GENERATE_INFOPLIST_FILE = YES;
				MARKETING_VERSION = 1.0;
				PRODUCT_BUNDLE_IDENTIFIER = org.capek.poplarUITests;
				PRODUCT_NAME = "$(TARGET_NAME)";
				SWIFT_EMIT_LOC_STRINGS = NO;
				SWIFT_VERSION = 5.0;
				TEST_TARGET_NAME = poplar;
			};
			name = Release;
		};
/* End XCBuildConfiguration section */

/* Begin XCConfigurationList section */
		49335CBB2E00D2190057A197 /* Build configuration list for PBXProject "poplar" */ = {
			isa = XCConfigurationList;
			buildConfigurations = (
				49335CE22E00D21A0057A197 /* Debug */,
				49335CE32E00D21A0057A197 /* Release */,
			);
			defaultConfigurationIsVisible = 0;
			defaultConfigurationName = Release;
		};
		49335CE42E00D21A0057A197 /* Build configuration list for PBXNativeTarget "poplar" */ = {
			isa = XCConfigurationList;
			buildConfigurations = (
				49335CE52E00D21A0057A197 /* Debug */,
				49335CE62E00D21A0057A197 /* Release */,
			);
			defaultConfigurationIsVisible = 0;
			defaultConfigurationName = Release;
		};
		49335CE72E00D21A0057A197 /* Build configuration list for PBXNativeTarget "poplarTests" */ = {
			isa = XCConfigurationList;
			buildConfigurations = (
				49335CE82E00D21A0057A197 /* Debug */,
				49335CE92E00D21A0057A197 /* Release */,
			);
			defaultConfigurationIsVisible = 0;
			defaultConfigurationName = Release;
		};
		49335CEA2E00D21A0057A197 /* Build configuration list for PBXNativeTarget "poplarUITests" */ = {
			isa = XCConfigurationList;
			buildConfigurations = (
				49335CEB2E00D21A0057A197 /* Debug */,
				49335CEC2E00D21A0057A197 /* Release */,
			);
			defaultConfigurationIsVisible = 0;
			defaultConfigurationName = Release;
		};
/* End XCConfigurationList section */
	};
	rootObject = 49335CB82E00D2190057A197 /* Project object */;
}
